
Microsoft Visual Studio Solution File, Format Version 12.00
# Visual Studio Version 17
VisualStudioVersion = 17.2.32602.215
MinimumVisualStudioVersion = 10.0.40219.1
Project("{FAE04EC0-301F-11D3-BF4B-00C04F79EFBC}") = "Section 01 - Intro to WPF", "Section 01 - Intro to WPF\Section 01 - Intro to WPF.csproj", "{3D77736D-3941-4C59-B671-3117B6C86510}"
EndProject
Project("{FAE04EC0-301F-11D3-BF4B-00C04F79EFBC}") = "Section 02 - Calculator App", "Section 02 - Calculator App\Section 02 - Calculator App.csproj", "{47E59CB9-F52B-40A6-BB6A-C37BD58FE240}"
EndProject
Global
	GlobalSection(SolutionConfigurationPlatforms) = preSolution
		Debug|Any CPU = Debug|Any CPU
		Release|Any CPU = Release|Any CPU
	EndGlobalSection
	GlobalSection(ProjectConfigurationPlatforms) = postSolution
		{3D77736D-3941-4C59-B671-3117B6C86510}.Debug|Any CPU.ActiveCfg = Debug|Any CPU
		{3D77736D-3941-4C59-B671-3117B6C86510}.Debug|Any CPU.Build.0 = Debug|Any CPU
		{3D77736D-3941-4C59-B671-3117B6C86510}.Release|Any CPU.ActiveCfg = Release|Any CPU
		{3D77736D-3941-4C59-B671-3117B6C86510}.Release|Any CPU.Build.0 = Release|Any CPU
		{47E59CB9-F52B-40A6-BB6A-C37BD58FE240}.Debug|Any CPU.ActiveCfg = Debug|Any CPU
		{47E59CB9-F52B-40A6-BB6A-C37BD58FE240}.Debug|Any CPU.Build.0 = Debug|Any CPU
		{47E59CB9-F52B-40A6-BB6A-C37BD58FE240}.Release|Any CPU.ActiveCfg = Release|Any CPU
		{47E59CB9-F52B-40A6-BB6A-C37BD58FE240}.Release|Any CPU.Build.0 = Release|Any CPU
	EndGlobalSection
	GlobalSection(SolutionProperties) = preSolution
		HideSolutionNode = FALSE
	EndGlobalSection
	GlobalSection(ExtensibilityGlobals) = postSolution
		SolutionGuid = {64A101E5-CC1A-40C9-B9CA-BF2B8342DF42}
	EndGlobalSection
EndGlobal
